{
  "nodes": {
    "garnix-lib": {
      "inputs": {
        "nixpkgs": [
          "nixpkgs"
        ]
      },
      "locked": {
        "lastModified": 1758561011,
        "narHash": "sha256-yYXd4qOH22Oe5PaaoGms0imXYweQeEeme+VUoMm4zwY=",
        "owner": "joegoldin",
        "repo": "garnix-lib",
        "rev": "fbd9865a68c8f7f4bd9d4e136f27be04098fe1ee",
        "type": "github"
      },
      "original": {
        "owner": "joegoldin",
        "repo": "garnix-lib",
        "type": "github"
      }
    },
    "nixpkgs": {
      "locked": {
        "lastModified": 1751274312,
        "narHash": "sha256-/bVBlRpECLVzjV19t5KMdMFWSwKLtb5RyXdjz3LJT+g=",
        "owner": "NixOS",
        "repo": "nixpkgs",
        "rev": "50ab793786d9de88ee30ec4e4c24fb4236fc2674",
        "type": "github"
      },
      "original": {
        "owner": "NixOS",
        "ref": "nixos-24.11",
        "repo": "nixpkgs",
        "type": "github"
      }
    },
    "root": {
      "inputs": {
        "garnix-lib": "garnix-lib",
        "nixpkgs": "nixpkgs"
      }
    }
  },
  "root": "root",
  "version": 7
}
